
Microsoft Visual Studio Solution File, Format Version 12.00
# Visual Studio 15
Project("{FAE04EC0-301F-11D3-BF4B-00C04F79EFBC}") = "loginPage.Android", "loginPage.Android\loginPage.Android.csproj", "{479D22BF-BC72-427E-94C6-A1166AF52611}"
EndProject
Project("{FAE04EC0-301F-11D3-BF4B-00C04F79EFBC}") = "loginPage.iOS", "loginPage.iOS\loginPage.iOS.csproj", "{0C572437-CA3B-43D3-B3C3-5B01F2F8755B}"
EndProject
Project("{D954291E-2A0B-460D-934E-DC6B0785DB48}") = "loginPage", "loginPage\loginPage.shproj", "{978AD4DB-26B7-43DD-8C09-4713AB7EC54A}"
EndProject
Global
	GlobalSection(SolutionConfigurationPlatforms) = preSolution
		Debug|Any CPU = Debug|Any CPU
		Release|Any CPU = Release|Any CPU
		Debug|iPhoneSimulator = Debug|iPhoneSimulator
		Release|iPhoneSimulator = Release|iPhoneSimulator
		Debug|iPhone = Debug|iPhone
		Release|iPhone = Release|iPhone
	EndGlobalSection
	GlobalSection(ProjectConfigurationPlatforms) = postSolution
		{479D22BF-BC72-427E-94C6-A1166AF52611}.Debug|Any CPU.ActiveCfg = Debug|Any CPU
		{479D22BF-BC72-427E-94C6-A1166AF52611}.Debug|Any CPU.Build.0 = Debug|Any CPU
		{479D22BF-BC72-427E-94C6-A1166AF52611}.Release|Any CPU.ActiveCfg = Release|Any CPU
		{479D22BF-BC72-427E-94C6-A1166AF52611}.Release|Any CPU.Build.0 = Release|Any CPU
		{479D22BF-BC72-427E-94C6-A1166AF52611}.Debug|iPhoneSimulator.ActiveCfg = Debug|Any CPU
		{479D22BF-BC72-427E-94C6-A1166AF52611}.Debug|iPhoneSimulator.Build.0 = Debug|Any CPU
		{479D22BF-BC72-427E-94C6-A1166AF52611}.Release|iPhoneSimulator.ActiveCfg = Release|Any CPU
		{479D22BF-BC72-427E-94C6-A1166AF52611}.Release|iPhoneSimulator.Build.0 = Release|Any CPU
		{479D22BF-BC72-427E-94C6-A1166AF52611}.Debug|iPhone.ActiveCfg = Debug|Any CPU
		{479D22BF-BC72-427E-94C6-A1166AF52611}.Debug|iPhone.Build.0 = Debug|Any CPU
		{479D22BF-BC72-427E-94C6-A1166AF52611}.Release|iPhone.ActiveCfg = Release|Any CPU
		{479D22BF-BC72-427E-94C6-A1166AF52611}.Release|iPhone.Build.0 = Release|Any CPU
		{0C572437-CA3B-43D3-B3C3-5B01F2F8755B}.Debug|Any CPU.ActiveCfg = Debug|iPhoneSimulator
		{0C572437-CA3B-43D3-B3C3-5B01F2F8755B}.Debug|Any CPU.Build.0 = Debug|iPhoneSimulator
		{0C572437-CA3B-43D3-B3C3-5B01F2F8755B}.Release|Any CPU.ActiveCfg = Release|iPhoneSimulator
		{0C572437-CA3B-43D3-B3C3-5B01F2F8755B}.Release|Any CPU.Build.0 = Release|iPhoneSimulator
		{0C572437-CA3B-43D3-B3C3-5B01F2F8755B}.Debug|iPhoneSimulator.ActiveCfg = Debug|iPhoneSimulator
		{0C572437-CA3B-43D3-B3C3-5B01F2F8755B}.Debug|iPhoneSimulator.Build.0 = Debug|iPhoneSimulator
		{0C572437-CA3B-43D3-B3C3-5B01F2F8755B}.Release|iPhoneSimulator.ActiveCfg = Release|iPhoneSimulator
		{0C572437-CA3B-43D3-B3C3-5B01F2F8755B}.Release|iPhoneSimulator.Build.0 = Release|iPhoneSimulator
		{0C572437-CA3B-43D3-B3C3-5B01F2F8755B}.Debug|iPhone.ActiveCfg = Debug|iPhone
		{0C572437-CA3B-43D3-B3C3-5B01F2F8755B}.Debug|iPhone.Build.0 = Debug|iPhone
		{0C572437-CA3B-43D3-B3C3-5B01F2F8755B}.Release|iPhone.ActiveCfg = Release|iPhone
		{0C572437-CA3B-43D3-B3C3-5B01F2F8755B}.Release|iPhone.Build.0 = Release|iPhone
	EndGlobalSection
EndGlobal
